
Microsoft Visual Studio Solution File, Format Version 12.00
# Visual Studio Version 17
VisualStudioVersion = 17.13.35825.156 d17.13
MinimumVisualStudioVersion = 10.0.40219.1
Project("{FAE04EC0-301F-11D3-BF4B-00C04F79EFBC}") = "DatingApp.API", "DatingApp.API\DatingApp.API.csproj", "{DC43D712-7325-4CC9-B0A6-20363EBEC821}"
EndProject
Global
	GlobalSection(SolutionConfigurationPlatforms) = preSolution
		Debug|Any CPU = Debug|Any CPU
		Release|Any CPU = Release|Any CPU
	EndGlobalSection
	GlobalSection(ProjectConfigurationPlatforms) = postSolution
		{DC43D712-7325-4CC9-B0A6-20363EBEC821}.Debug|Any CPU.ActiveCfg = Debug|Any CPU
		{DC43D712-7325-4CC9-B0A6-20363EBEC821}.Debug|Any CPU.Build.0 = Debug|Any CPU
		{DC43D712-7325-4CC9-B0A6-20363EBEC821}.Release|Any CPU.ActiveCfg = Release|Any CPU
		{DC43D712-7325-4CC9-B0A6-20363EBEC821}.Release|Any CPU.Build.0 = Release|Any CPU
	EndGlobalSection
	GlobalSection(SolutionProperties) = preSolution
		HideSolutionNode = FALSE
	EndGlobalSection
	GlobalSection(ExtensibilityGlobals) = postSolution
		SolutionGuid = {261612A6-4BA4-40A0-A9FD-4B7EA5B97109}
	EndGlobalSection
EndGlobal
